// !$*UTF8*$!
{
	archiveVersion = 1;
	classes = {
	};
	objectVersion = 46;
	objects = {

/* Begin PBXBuildFile section */
		182A019E1A3FBEBF0021763F /* AppDelegate.swift in Sources */ = {isa = PBXBuildFile; fileRef = 182A019D1A3FBEBF0021763F /* AppDelegate.swift */; };
		182A01A01A3FBEBF0021763F /* FirstViewController.swift in Sources */ = {isa = PBXBuildFile; fileRef = 182A019F1A3FBEBF0021763F /* FirstViewController.swift */; };
		182A01A21A3FBEBF0021763F /* SecondViewController.swift in Sources */ = {isa = PBXBuildFile; fileRef = 182A01A11A3FBEBF0021763F /* SecondViewController.swift */; };
		182A01A51A3FBEBF0021763F /* Main.storyboard in Resources */ = {isa = PBXBuildFile; fileRef = 182A01A31A3FBEBF0021763F /* Main.storyboard */; };
		182A01A71A3FBEBF0021763F /* Images.xcassets in Resources */ = {isa = PBXBuildFile; fileRef = 182A01A61A3FBEBF0021763F /* Images.xcassets */; };
		182A01AA1A3FBEBF0021763F /* LaunchScreen.xib in Resources */ = {isa = PBXBuildFile; fileRef = 182A01A81A3FBEBF0021763F /* LaunchScreen.xib */; };
		182A01B61A3FBEC00021763F /* Pr3serveTests.swift in Sources */ = {isa = PBXBuildFile; fileRef = 182A01B51A3FBEC00021763F /* Pr3serveTests.swift */; };
		182A01C01A3FFE120021763F /* tierradelfuego.jpg in Resources */ = {isa = PBXBuildFile; fileRef = 182A01BF1A3FFE110021763F /* tierradelfuego.jpg */; };
		182A01C51A4001380021763F /* GoogleMaps.framework in Frameworks */ = {isa = PBXBuildFile; fileRef = 182A01C41A4001380021763F /* GoogleMaps.framework */; };
		182A01C71A4002410021763F /* GoogleMaps.bundle in Resources */ = {isa = PBXBuildFile; fileRef = 182A01C61A4002410021763F /* GoogleMaps.bundle */; };
		182A01CE1A4002D30021763F /* AVFoundation.framework in Frameworks */ = {isa = PBXBuildFile; fileRef = 182A01C81A4002D30021763F /* AVFoundation.framework */; };
		182A01CF1A4002D30021763F /* CoreData.framework in Frameworks */ = {isa = PBXBuildFile; fileRef = 182A01C91A4002D30021763F /* CoreData.framework */; };
		182A01D01A4002D30021763F /* CoreLocation.framework in Frameworks */ = {isa = PBXBuildFile; fileRef = 182A01CA1A4002D30021763F /* CoreLocation.framework */; };
		182A01D11A4002D30021763F /* CoreText.framework in Frameworks */ = {isa = PBXBuildFile; fileRef = 182A01CB1A4002D30021763F /* CoreText.framework */; };
		182A01D21A4002D30021763F /* GLKit.framework in Frameworks */ = {isa = PBXBuildFile; fileRef = 182A01CC1A4002D30021763F /* GLKit.framework */; };
		182A01D31A4002D30021763F /* ImageIO.framework in Frameworks */ = {isa = PBXBuildFile; fileRef = 182A01CD1A4002D30021763F /* ImageIO.framework */; };
		182A01D51A4002E90021763F /* libc++.dylib in Frameworks */ = {isa = PBXBuildFile; fileRef = 182A01D41A4002E90021763F /* libc++.dylib */; };
		182A01D71A4003100021763F /* libicucore.dylib in Frameworks */ = {isa = PBXBuildFile; fileRef = 182A01D61A4003100021763F /* libicucore.dylib */; };
		182A01D91A4003190021763F /* libz.dylib in Frameworks */ = {isa = PBXBuildFile; fileRef = 182A01D81A4003190021763F /* libz.dylib */; };
		182A01DB1A4003230021763F /* OpenGLES.framework in Frameworks */ = {isa = PBXBuildFile; fileRef = 182A01DA1A4003230021763F /* OpenGLES.framework */; };
		182A01DD1A40032B0021763F /* QuartzCore.framework in Frameworks */ = {isa = PBXBuildFile; fileRef = 182A01DC1A40032B0021763F /* QuartzCore.framework */; };
		182A01DF1A4003340021763F /* SystemConfiguration.framework in Frameworks */ = {isa = PBXBuildFile; fileRef = 182A01DE1A4003340021763F /* SystemConfiguration.framework */; };
		185E4D5F1A43421D00113C8F /* iguazu-falls.jpg in Resources */ = {isa = PBXBuildFile; fileRef = 185E4D5E1A43421D00113C8F /* iguazu-falls.jpg */; };
		1875C4871A42AAB7001329C2 /* Amazon-Rainforest-008.jpg in Resources */ = {isa = PBXBuildFile; fileRef = 1875C4861A42AAB7001329C2 /* Amazon-Rainforest-008.jpg */; };
		1875C4891A42ACB2001329C2 /* Pantanal-floods.jpg in Resources */ = {isa = PBXBuildFile; fileRef = 1875C4881A42ACB2001329C2 /* Pantanal-floods.jpg */; };
		1875C48B1A42B827001329C2 /* ThirdViewController.swift in Sources */ = {isa = PBXBuildFile; fileRef = 1875C48A1A42B827001329C2 /* ThirdViewController.swift */; };
		18E3B7CA1A4291650084B2C3 /* launcher.JPG in Resources */ = {isa = PBXBuildFile; fileRef = 18E3B7C91A4291650084B2C3 /* launcher.JPG */; };
/* End PBXBuildFile section */

/* Begin PBXContainerItemProxy section */
		182A01B01A3FBEBF0021763F /* PBXContainerItemProxy */ = {
			isa = PBXContainerItemProxy;
			containerPortal = 182A01901A3FBEBE0021763F /* Project object */;
			proxyType = 1;
			remoteGlobalIDString = 182A01971A3FBEBE0021763F;
			remoteInfo = Pr3serve;
		};
/* End PBXContainerItemProxy section */

/* Begin PBXFileReference section */
		182A01981A3FBEBF0021763F /* Pr3serve.app */ = {isa = PBXFileReference; explicitFileType = wrapper.application; includeInIndex = 0; path = Pr3serve.app; sourceTree = BUILT_PRODUCTS_DIR; };
		182A019C1A3FBEBF0021763F /* Info.plist */ = {isa = PBXFileReference; lastKnownFileType = text.plist.xml; path = Info.plist; sourceTree = "<group>"; };
		182A019D1A3FBEBF0021763F /* AppDelegate.swift */ = {isa = PBXFileReference; lastKnownFileType = sourcecode.swift; path = AppDelegate.swift; sourceTree = "<group>"; };
		182A019F1A3FBEBF0021763F /* FirstViewController.swift */ = {isa = PBXFileReference; lastKnownFileType = sourcecode.swift; path = FirstViewController.swift; sourceTree = "<group>"; };
		182A01A11A3FBEBF0021763F /* SecondViewController.swift */ = {isa = PBXFileReference; lastKnownFileType = sourcecode.swift; path = SecondViewController.swift; sourceTree = "<group>"; };
		182A01A41A3FBEBF0021763F /* Base */ = {isa = PBXFileReference; lastKnownFileType = file.storyboard; name = Base; path = Base.lproj/Main.storyboard; sourceTree = "<group>"; };
		182A01A61A3FBEBF0021763F /* Images.xcassets */ = {isa = PBXFileReference; lastKnownFileType = folder.assetcatalog; path = Images.xcassets; sourceTree = "<group>"; };
		182A01A91A3FBEBF0021763F /* Base */ = {isa = PBXFileReference; lastKnownFileType = file.xib; name = Base; path = Base.lproj/LaunchScreen.xib; sourceTree = "<group>"; };
		182A01AF1A3FBEBF0021763F /* Pr3serveTests.xctest */ = {isa = PBXFileReference; explicitFileType = wrapper.cfbundle; includeInIndex = 0; path = Pr3serveTests.xctest; sourceTree = BUILT_PRODUCTS_DIR; };
		182A01B41A3FBEBF0021763F /* Info.plist */ = {isa = PBXFileReference; lastKnownFileType = text.plist.xml; path = Info.plist; sourceTree = "<group>"; };
		182A01B51A3FBEC00021763F /* Pr3serveTests.swift */ = {isa = PBXFileReference; lastKnownFileType = sourcecode.swift; path = Pr3serveTests.swift; sourceTree = "<group>"; };
		182A01BF1A3FFE110021763F /* tierradelfuego.jpg */ = {isa = PBXFileReference; lastKnownFileType = image.jpeg; name = tierradelfuego.jpg; path = ../../Downloads/tierradelfuego.jpg; sourceTree = "<group>"; };
		182A01C41A4001380021763F /* GoogleMaps.framework */ = {isa = PBXFileReference; lastKnownFileType = wrapper.framework; path = GoogleMaps.framework; sourceTree = "<group>"; };
		182A01C61A4002410021763F /* GoogleMaps.bundle */ = {isa = PBXFileReference; lastKnownFileType = "wrapper.plug-in"; name = GoogleMaps.bundle; path = GoogleMaps.framework/Versions/A/Resources/GoogleMaps.bundle; sourceTree = "<group>"; };
		182A01C81A4002D30021763F /* AVFoundation.framework */ = {isa = PBXFileReference; lastKnownFileType = wrapper.framework; name = AVFoundation.framework; path = System/Library/Frameworks/AVFoundation.framework; sourceTree = SDKROOT; };
		182A01C91A4002D30021763F /* CoreData.framework */ = {isa = PBXFileReference; lastKnownFileType = wrapper.framework; name = CoreData.framework; path = System/Library/Frameworks/CoreData.framework; sourceTree = SDKROOT; };
		182A01CA1A4002D30021763F /* CoreLocation.framework */ = {isa = PBXFileReference; lastKnownFileType = wrapper.framework; name = CoreLocation.framework; path = System/Library/Frameworks/CoreLocation.framework; sourceTree = SDKROOT; };
		182A01CB1A4002D30021763F /* CoreText.framework */ = {isa = PBXFileReference; lastKnownFileType = wrapper.framework; name = CoreText.framework; path = System/Library/Frameworks/CoreText.framework; sourceTree = SDKROOT; };
		182A01CC1A4002D30021763F /* GLKit.framework */ = {isa = PBXFileReference; lastKnownFileType = wrapper.framework; name = GLKit.framework; path = System/Library/Frameworks/GLKit.framework; sourceTree = SDKROOT; };
		182A01CD1A4002D30021763F /* ImageIO.framework */ = {isa = PBXFileReference; lastKnownFileType = wrapper.framework; name = ImageIO.framework; path = System/Library/Frameworks/ImageIO.framework; sourceTree = SDKROOT; };
		182A01D41A4002E90021763F /* libc++.dylib */ = {isa = PBXFileReference; lastKnownFileType = "compiled.mach-o.dylib"; name = "libc++.dylib"; path = "usr/lib/libc++.dylib"; sourceTree = SDKROOT; };
		182A01D61A4003100021763F /* libicucore.dylib */ = {isa = PBXFileReference; lastKnownFileType = "compiled.mach-o.dylib"; name = libicucore.dylib; path = usr/lib/libicucore.dylib; sourceTree = SDKROOT; };
		182A01D81A4003190021763F /* libz.dylib */ = {isa = PBXFileReference; lastKnownFileType = "compiled.mach-o.dylib"; name = libz.dylib; path = usr/lib/libz.dylib; sourceTree = SDKROOT; };
		182A01DA1A4003230021763F /* OpenGLES.framework */ = {isa = PBXFileReference; lastKnownFileType = wrapper.framework; name = OpenGLES.framework; path = System/Library/Frameworks/OpenGLES.framework; sourceTree = SDKROOT; };
		182A01DC1A40032B0021763F /* QuartzCore.framework */ = {isa = PBXFileReference; lastKnownFileType = wrapper.framework; name = QuartzCore.framework; path = System/Library/Frameworks/QuartzCore.framework; sourceTree = SDKROOT; };
		182A01DE1A4003340021763F /* SystemConfiguration.framework */ = {isa = PBXFileReference; lastKnownFileType = wrapper.framework; name = SystemConfiguration.framework; path = System/Library/Frameworks/SystemConfiguration.framework; sourceTree = SDKROOT; };
		182A01E01A4004F10021763F /* Pr3serve-Bridging-Header.h */ = {isa = PBXFileReference; lastKnownFileType = sourcecode.c.h; path = "Pr3serve-Bridging-Header.h"; sourceTree = "<group>"; };
		185E4D5E1A43421D00113C8F /* iguazu-falls.jpg */ = {isa = PBXFileReference; lastKnownFileType = image.jpeg; path = "iguazu-falls.jpg"; sourceTree = "<group>"; };
		1875C4861A42AAB7001329C2 /* Amazon-Rainforest-008.jpg */ = {isa = PBXFileReference; lastKnownFileType = image.jpeg; path = "Amazon-Rainforest-008.jpg"; sourceTree = "<group>"; };
		1875C4881A42ACB2001329C2 /* Pantanal-floods.jpg */ = {isa = PBXFileReference; lastKnownFileType = image.jpeg; path = "Pantanal-floods.jpg"; sourceTree = "<group>"; };
		1875C48A1A42B827001329C2 /* ThirdViewController.swift */ = {isa = PBXFileReference; fileEncoding = 4; lastKnownFileType = sourcecode.swift; name = ThirdViewController.swift; path = ../ThirdViewController.swift; sourceTree = "<group>"; };
		18E3B7C91A4291650084B2C3 /* launcher.JPG */ = {isa = PBXFileReference; lastKnownFileType = image.jpeg; path = launcher.JPG; sourceTree = "<group>"; };
/* End PBXFileReference section */

/* Begin PBXFrameworksBuildPhase section */
		182A01951A3FBEBE0021763F /* Frameworks */ = {
			isa = PBXFrameworksBuildPhase;
			buildActionMask = 2147483647;
			files = (
				182A01DF1A4003340021763F /* SystemConfiguration.framework in Frameworks */,
				182A01DD1A40032B0021763F /* QuartzCore.framework in Frameworks */,
				182A01DB1A4003230021763F /* OpenGLES.framework in Frameworks */,
				182A01D91A4003190021763F /* libz.dylib in Frameworks */,
				182A01D71A4003100021763F /* libicucore.dylib in Frameworks */,
				182A01D51A4002E90021763F /* libc++.dylib in Frameworks */,
				182A01CE1A4002D30021763F /* AVFoundation.framework in Frameworks */,
				182A01CF1A4002D30021763F /* CoreData.framework in Frameworks */,
				182A01D01A4002D30021763F /* CoreLocation.framework in Frameworks */,
				182A01D11A4002D30021763F /* CoreText.framework in Frameworks */,
				182A01D21A4002D30021763F /* GLKit.framework in Frameworks */,
				182A01D31A4002D30021763F /* ImageIO.framework in Frameworks */,
				182A01C51A4001380021763F /* GoogleMaps.framework in Frameworks */,
			);
			runOnlyForDeploymentPostprocessing = 0;
		};
		182A01AC1A3FBEBF0021763F /* Frameworks */ = {
			isa = PBXFrameworksBuildPhase;
			buildActionMask = 2147483647;
			files = (
			);
			runOnlyForDeploymentPostprocessing = 0;
		};
/* End PBXFrameworksBuildPhase section */

/* Begin PBXGroup section */
		182A018F1A3FBEBE0021763F = {
			isa = PBXGroup;
			children = (
				182A01DE1A4003340021763F /* SystemConfiguration.framework */,
				182A01DC1A40032B0021763F /* QuartzCore.framework */,
				182A01DA1A4003230021763F /* OpenGLES.framework */,
				182A01D81A4003190021763F /* libz.dylib */,
				182A01D61A4003100021763F /* libicucore.dylib */,
				182A01D41A4002E90021763F /* libc++.dylib */,
				182A01C81A4002D30021763F /* AVFoundation.framework */,
				182A01C91A4002D30021763F /* CoreData.framework */,
				182A01CA1A4002D30021763F /* CoreLocation.framework */,
				182A01CB1A4002D30021763F /* CoreText.framework */,
				182A01CC1A4002D30021763F /* GLKit.framework */,
				182A01CD1A4002D30021763F /* ImageIO.framework */,
				182A019A1A3FBEBF0021763F /* Pr3serve */,
				182A01B21A3FBEBF0021763F /* Pr3serveTests */,
				182A01991A3FBEBF0021763F /* Products */,
			);
			sourceTree = "<group>";
		};
		182A01991A3FBEBF0021763F /* Products */ = {
			isa = PBXGroup;
			children = (
				182A01981A3FBEBF0021763F /* Pr3serve.app */,
				182A01AF1A3FBEBF0021763F /* Pr3serveTests.xctest */,
			);
			name = Products;
			sourceTree = "<group>";
		};
		182A019A1A3FBEBF0021763F /* Pr3serve */ = {
			isa = PBXGroup;
			children = (
				182A01C61A4002410021763F /* GoogleMaps.bundle */,
				182A01C41A4001380021763F /* GoogleMaps.framework */,
				182A01C11A3FFE540021763F /* Picturas */,
				182A019D1A3FBEBF0021763F /* AppDelegate.swift */,
				182A019F1A3FBEBF0021763F /* FirstViewController.swift */,
				182A01A11A3FBEBF0021763F /* SecondViewController.swift */,
				1875C48A1A42B827001329C2 /* ThirdViewController.swift */,
				182A01A31A3FBEBF0021763F /* Main.storyboard */,
				182A01A61A3FBEBF0021763F /* Images.xcassets */,
				182A01A81A3FBEBF0021763F /* LaunchScreen.xib */,
				182A019B1A3FBEBF0021763F /* Supporting Files */,
				182A01E01A4004F10021763F /* Pr3serve-Bridging-Header.h */,
			);
			path = Pr3serve;
			sourceTree = "<group>";
		};
		182A019B1A3FBEBF0021763F /* Supporting Files */ = {
			isa = PBXGroup;
			children = (
				182A019C1A3FBEBF0021763F /* Info.plist */,
			);
			name = "Supporting Files";
			sourceTree = "<group>";
		};
		182A01B21A3FBEBF0021763F /* Pr3serveTests */ = {
			isa = PBXGroup;
			children = (
				182A01B51A3FBEC00021763F /* Pr3serveTests.swift */,
				182A01B31A3FBEBF0021763F /* Supporting Files */,
			);
			path = Pr3serveTests;
			sourceTree = "<group>";
		};
		182A01B31A3FBEBF0021763F /* Supporting Files */ = {
			isa = PBXGroup;
			children = (
				182A01B41A3FBEBF0021763F /* Info.plist */,
			);
			name = "Supporting Files";
			sourceTree = "<group>";
		};
		182A01C11A3FFE540021763F /* Picturas */ = {
			isa = PBXGroup;
			children = (
				185E4D5E1A43421D00113C8F /* iguazu-falls.jpg */,
				1875C4881A42ACB2001329C2 /* Pantanal-floods.jpg */,
				1875C4861A42AAB7001329C2 /* Amazon-Rainforest-008.jpg */,
				18E3B7C91A4291650084B2C3 /* launcher.JPG */,
				182A01BF1A3FFE110021763F /* tierradelfuego.jpg */,
			);
			name = Picturas;
			sourceTree = "<group>";
		};
/* End PBXGroup section */

/* Begin PBXNativeTarget section */
		182A01971A3FBEBE0021763F /* Pr3serve */ = {
			isa = PBXNativeTarget;
			buildConfigurationList = 182A01B91A3FBEC00021763F /* Build configuration list for PBXNativeTarget "Pr3serve" */;
			buildPhases = (
				182A01941A3FBEBE0021763F /* Sources */,
				182A01951A3FBEBE0021763F /* Frameworks */,
				182A01961A3FBEBE0021763F /* Resources */,
			);
			buildRules = (
			);
			dependencies = (
			);
			name = Pr3serve;
			productName = Pr3serve;
			productReference = 182A01981A3FBEBF0021763F /* Pr3serve.app */;
			productType = "com.apple.product-type.application";
		};
		182A01AE1A3FBEBF0021763F /* Pr3serveTests */ = {
			isa = PBXNativeTarget;
			buildConfigurationList = 182A01BC1A3FBEC00021763F /* Build configuration list for PBXNativeTarget "Pr3serveTests" */;
			buildPhases = (
				182A01AB1A3FBEBF0021763F /* Sources */,
				182A01AC1A3FBEBF0021763F /* Frameworks */,
				182A01AD1A3FBEBF0021763F /* Resources */,
			);
			buildRules = (
			);
			dependencies = (
				182A01B11A3FBEBF0021763F /* PBXTargetDependency */,
			);
			name = Pr3serveTests;
			productName = Pr3serveTests;
			productReference = 182A01AF1A3FBEBF0021763F /* Pr3serveTests.xctest */;
			productType = "com.apple.product-type.bundle.unit-test";
		};
/* End PBXNativeTarget section */

/* Begin PBXProject section */
		182A01901A3FBEBE0021763F /* Project object */ = {
			isa = PBXProject;
			attributes = {
				LastUpgradeCheck = 0610;
				ORGANIZATIONNAME = "Samarth Sandeep";
				TargetAttributes = {
					182A01971A3FBEBE0021763F = {
						CreatedOnToolsVersion = 6.1;
						DevelopmentTeam = LXWCURGG38;
					};
					182A01AE1A3FBEBF0021763F = {
						CreatedOnToolsVersion = 6.1;
						TestTargetID = 182A01971A3FBEBE0021763F;
					};
				};
			};
			buildConfigurationList = 182A01931A3FBEBE0021763F /* Build configuration list for PBXProject "Pr3serve" */;
			compatibilityVersion = "Xcode 3.2";
			developmentRegion = English;
			hasScannedForEncodings = 0;
			knownRegions = (
				en,
				Base,
			);
			mainGroup = 182A018F1A3FBEBE0021763F;
			productRefGroup = 182A01991A3FBEBF0021763F /* Products */;
			projectDirPath = "";
			projectRoot = "";
			targets = (
				182A01971A3FBEBE0021763F /* Pr3serve */,
				182A01AE1A3FBEBF0021763F /* Pr3serveTests */,
			);
		};
/* End PBXProject section */

/* Begin PBXResourcesBuildPhase section */
		182A01961A3FBEBE0021763F /* Resources */ = {
			isa = PBXResourcesBuildPhase;
			buildActionMask = 2147483647;
			files = (
				185E4D5F1A43421D00113C8F /* iguazu-falls.jpg in Resources */,
				18E3B7CA1A4291650084B2C3 /* launcher.JPG in Resources */,
				182A01A51A3FBEBF0021763F /* Main.storyboard in Resources */,
				182A01C01A3FFE120021763F /* tierradelfuego.jpg in Resources */,
				182A01AA1A3FBEBF0021763F /* LaunchScreen.xib in Resources */,
				182A01A71A3FBEBF0021763F /* Images.xcassets in Resources */,
				1875C4891A42ACB2001329C2 /* Pantanal-floods.jpg in Resources */,
				1875C4871A42AAB7001329C2 /* Amazon-Rainforest-008.jpg in Resources */,
				182A01C71A4002410021763F /* GoogleMaps.bundle in Resources */,
			);
			runOnlyForDeploymentPostprocessing = 0;
		};
		182A01AD1A3FBEBF0021763F /* Resources */ = {
			isa = PBXResourcesBuildPhase;
			buildActionMask = 2147483647;
			files = (
			);
			runOnlyForDeploymentPostprocessing = 0;
		};
/* End PBXResourcesBuildPhase section */

/* Begin PBXSourcesBuildPhase section */
		182A01941A3FBEBE0021763F /* Sources */ = {
			isa = PBXSourcesBuildPhase;
			buildActionMask = 2147483647;
			files = (
				182A01A21A3FBEBF0021763F /* SecondViewController.swift in Sources */,
				182A019E1A3FBEBF0021763F /* AppDelegate.swift in Sources */,
				1875C48B1A42B827001329C2 /* ThirdViewController.swift in Sources */,
				182A01A01A3FBEBF0021763F /* FirstViewController.swift in Sources */,
			);
			runOnlyForDeploymentPostprocessing = 0;
		};
		182A01AB1A3FBEBF0021763F /* Sources */ = {
			isa = PBXSourcesBuildPhase;
			buildActionMask = 2147483647;
			files = (
				182A01B61A3FBEC00021763F /* Pr3serveTests.swift in Sources */,
			);
			runOnlyForDeploymentPostprocessing = 0;
		};
/* End PBXSourcesBuildPhase section */

/* Begin PBXTargetDependency section */
		182A01B11A3FBEBF0021763F /* PBXTargetDependency */ = {
			isa = PBXTargetDependency;
			target = 182A01971A3FBEBE0021763F /* Pr3serve */;
			targetProxy = 182A01B01A3FBEBF0021763F /* PBXContainerItemProxy */;
		};
/* End PBXTargetDependency section */

/* Begin PBXVariantGroup section */
		182A01A31A3FBEBF0021763F /* Main.storyboard */ = {
			isa = PBXVariantGroup;
			children = (
				182A01A41A3FBEBF0021763F /* Base */,
			);
			name = Main.storyboard;
			sourceTree = "<group>";
		};
		182A01A81A3FBEBF0021763F /* LaunchScreen.xib */ = {
			isa = PBXVariantGroup;
			children = (
				182A01A91A3FBEBF0021763F /* Base */,
			);
			name = LaunchScreen.xib;
			sourceTree = "<group>";
		};
/* End PBXVariantGroup section */

/* Begin XCBuildConfiguration section */
		182A01B71A3FBEC00021763F /* Debug */ = {
			isa = XCBuildConfiguration;
			buildSettings = {
				ALWAYS_SEARCH_USER_PATHS = NO;
				CLANG_CXX_LANGUAGE_STANDARD = "gnu++0x";
				CLANG_CXX_LIBRARY = "libc++";
				CLANG_ENABLE_MODULES = YES;
				CLANG_ENABLE_OBJC_ARC = YES;
				CLANG_WARN_BOOL_CONVERSION = YES;
				CLANG_WARN_CONSTANT_CONVERSION = YES;
				CLANG_WARN_DIRECT_OBJC_ISA_USAGE = YES_ERROR;
				CLANG_WARN_EMPTY_BODY = YES;
				CLANG_WARN_ENUM_CONVERSION = YES;
				CLANG_WARN_INT_CONVERSION = YES;
				CLANG_WARN_OBJC_ROOT_CLASS = YES_ERROR;
				CLANG_WARN_UNREACHABLE_CODE = YES;
				CLANG_WARN__DUPLICATE_METHOD_MATCH = YES;
				"CODE_SIGN_IDENTITY[sdk=iphoneos*]" = "iPhone Developer";
				COPY_PHASE_STRIP = NO;
				ENABLE_STRICT_OBJC_MSGSEND = YES;
				GCC_C_LANGUAGE_STANDARD = gnu99;
				GCC_DYNAMIC_NO_PIC = NO;
				GCC_OPTIMIZATION_LEVEL = 0;
				GCC_PREPROCESSOR_DEFINITIONS = (
					"DEBUG=1",
					"$(inherited)",
				);
				GCC_SYMBOLS_PRIVATE_EXTERN = NO;
				GCC_WARN_64_TO_32_BIT_CONVERSION = YES;
				GCC_WARN_ABOUT_RETURN_TYPE = YES_ERROR;
				GCC_WARN_UNDECLARED_SELECTOR = YES;
				GCC_WARN_UNINITIALIZED_AUTOS = YES_AGGRESSIVE;
				GCC_WARN_UNUSED_FUNCTION = YES;
				GCC_WARN_UNUSED_VARIABLE = YES;
				IPHONEOS_DEPLOYMENT_TARGET = 8.1;
				MTL_ENABLE_DEBUG_INFO = YES;
				ONLY_ACTIVE_ARCH = YES;
				SDKROOT = iphoneos;
				SWIFT_OPTIMIZATION_LEVEL = "-Onone";
				TARGETED_DEVICE_FAMILY = "1,2";
			};
			name = Debug;
		};
		182A01B81A3FBEC00021763F /* Release */ = {
			isa = XCBuildConfiguration;
			buildSettings = {
				ALWAYS_SEARCH_USER_PATHS = NO;
				CLANG_CXX_LANGUAGE_STANDARD = "gnu++0x";
				CLANG_CXX_LIBRARY = "libc++";
				CLANG_ENABLE_MODULES = YES;
				CLANG_ENABLE_OBJC_ARC = YES;
				CLANG_WARN_BOOL_CONVERSION = YES;
				CLANG_WARN_CONSTANT_CONVERSION = YES;
				CLANG_WARN_DIRECT_OBJC_ISA_USAGE = YES_ERROR;
				CLANG_WARN_EMPTY_BODY = YES;
				CLANG_WARN_ENUM_CONVERSION = YES;
				CLANG_WARN_INT_CONVERSION = YES;
				CLANG_WARN_OBJC_ROOT_CLASS = YES_ERROR;
				CLANG_WARN_UNREACHABLE_CODE = YES;
				CLANG_WARN__DUPLICATE_METHOD_MATCH = YES;
				"CODE_SIGN_IDENTITY[sdk=iphoneos*]" = "iPhone Developer";
				COPY_PHASE_STRIP = YES;
				ENABLE_NS_ASSERTIONS = NO;
				ENABLE_STRICT_OBJC_MSGSEND = YES;
				GCC_C_LANGUAGE_STANDARD = gnu99;
				GCC_WARN_64_TO_32_BIT_CONVERSION = YES;
				GCC_WARN_ABOUT_RETURN_TYPE = YES_ERROR;
				GCC_WARN_UNDECLARED_SELECTOR = YES;
				GCC_WARN_UNINITIALIZED_AUTOS = YES_AGGRESSIVE;
				GCC_WARN_UNUSED_FUNCTION = YES;
				GCC_WARN_UNUSED_VARIABLE = YES;
				IPHONEOS_DEPLOYMENT_TARGET = 8.1;
				MTL_ENABLE_DEBUG_INFO = NO;
				SDKROOT = iphoneos;
				TARGETED_DEVICE_FAMILY = "1,2";
				VALIDATE_PRODUCT = YES;
			};
			name = Release;
		};
		182A01BA1A3FBEC00021763F /* Debug */ = {
			isa = XCBuildConfiguration;
			buildSettings = {
				ASSETCATALOG_COMPILER_APPICON_NAME = AppIcon;
				ASSETCATALOG_COMPILER_LAUNCHIMAGE_NAME = LaunchImage;
				CLANG_ENABLE_MODULES = YES;
				CODE_SIGN_IDENTITY = "iPhone Developer";
				FRAMEWORK_SEARCH_PATHS = (
					"$(inherited)",
					"$(PROJECT_DIR)/Pr3serve",
				);
				INFOPLIST_FILE = Pr3serve/Info.plist;
				IPHONEOS_DEPLOYMENT_TARGET = 8.0;
				LD_RUNPATH_SEARCH_PATHS = "$(inherited) @executable_path/Frameworks";
				OTHER_LDFLAGS = "-ObjC";
				"OTHER_LDFLAGS[arch=*]" = "-ObjC";
				PRODUCT_NAME = "$(TARGET_NAME)";
				SWIFT_OBJC_BRIDGING_HEADER = "Pr3serve/Pr3serve-Bridging-Header.h";
				SWIFT_OPTIMIZATION_LEVEL = "-Onone";
			};
			name = Debug;
		};
		182A01BB1A3FBEC00021763F /* Release */ = {
			isa = XCBuildConfiguration;
			buildSettings = {
				ASSETCATALOG_COMPILER_APPICON_NAME = AppIcon;
				ASSETCATALOG_COMPILER_LAUNCHIMAGE_NAME = LaunchImage;
				CLANG_ENABLE_MODULES = YES;
				CODE_SIGN_IDENTITY = "iPhone Developer";
				FRAMEWORK_SEARCH_PATHS = (
					"$(inherited)",
					"$(PROJECT_DIR)/Pr3serve",
				);
				INFOPLIST_FILE = Pr3serve/Info.plist;
				IPHONEOS_DEPLOYMENT_TARGET = 8.0;
				LD_RUNPATH_SEARCH_PATHS = "$(inherited) @executable_path/Frameworks";
				OTHER_LDFLAGS = "-ObjC";
				PRODUCT_NAME = "$(TARGET_NAME)";
				SWIFT_OBJC_BRIDGING_HEADER = "Pr3serve/Pr3serve-Bridging-Header.h";
			};
			name = Release;
		};
		182A01BD1A3FBEC00021763F /* Debug */ = {
			isa = XCBuildConfiguration;
			buildSettings = {
				BUNDLE_LOADER = "$(TEST_HOST)";
				FRAMEWORK_SEARCH_PATHS = (
					"$(SDKROOT)/Developer/Library/Frameworks",
					"$(inherited)",
				);
				GCC_PREPROCESSOR_DEFINITIONS = (
					"DEBUG=1",
					"$(inherited)",
				);
				INFOPLIST_FILE = Pr3serveTests/Info.plist;
				LD_RUNPATH_SEARCH_PATHS = "$(inherited) @executable_path/Frameworks @loader_path/Frameworks";
				PRODUCT_NAME = "$(TARGET_NAME)";
				TEST_HOST = "$(BUILT_PRODUCTS_DIR)/Pr3serve.app/Pr3serve";
			};
			name = Debug;
		};
		182A01BE1A3FBEC00021763F /* Release */ = {
			isa = XCBuildConfiguration;
			buildSettings = {
				BUNDLE_LOADER = "$(TEST_HOST)";
				FRAMEWORK_SEARCH_PATHS = (
					"$(SDKROOT)/Developer/Library/Frameworks",
					"$(inherited)",
				);
				INFOPLIST_FILE = Pr3serveTests/Info.plist;
				LD_RUNPATH_SEARCH_PATHS = "$(inherited) @executable_path/Frameworks @loader_path/Frameworks";
				PRODUCT_NAME = "$(TARGET_NAME)";
				TEST_HOST = "$(BUILT_PRODUCTS_DIR)/Pr3serve.app/Pr3serve";
			};
			name = Release;
		};
/* End XCBuildConfiguration section */

/* Begin XCConfigurationList section */
		182A01931A3FBEBE0021763F /* Build configuration list for PBXProject "Pr3serve" */ = {
			isa = XCConfigurationList;
			buildConfigurations = (
				182A01B71A3FBEC00021763F /* Debug */,
				182A01B81A3FBEC00021763F /* Release */,
			);
			defaultConfigurationIsVisible = 0;
			defaultConfigurationName = Release;
		};
		182A01B91A3FBEC00021763F /* Build configuration list for PBXNativeTarget "Pr3serve" */ = {
			isa = XCConfigurationList;
			buildConfigurations = (
				182A01BA1A3FBEC00021763F /* Debug */,
				182A01BB1A3FBEC00021763F /* Release */,
			);
			defaultConfigurationIsVisible = 0;
			defaultConfigurationName = Release;
		};
		182A01BC1A3FBEC00021763F /* Build configuration list for PBXNativeTarget "Pr3serveTests" */ = {
			isa = XCConfigurationList;
			buildConfigurations = (
				182A01BD1A3FBEC00021763F /* Debug */,
				182A01BE1A3FBEC00021763F /* Release */,
			);
			defaultConfigurationIsVisible = 0;
			defaultConfigurationName = Release;
		};
/* End XCConfigurationList section */
	};
	rootObject = 182A01901A3FBEBE0021763F /* Project object */;
}
